// !$*UTF8*$!
{
	archiveVersion = 1;
	classes = {
	};
	objectVersion = 55;
	objects = {

/* Begin PBXBuildFile section */
		F74A13FF282F4FCC005782C3 /* AppDelegate.swift in Sources */ = {isa = PBXBuildFile; fileRef = F74A13FE282F4FCC005782C3 /* AppDelegate.swift */; };
		F74A1401282F4FCC005782C3 /* SceneDelegate.swift in Sources */ = {isa = PBXBuildFile; fileRef = F74A1400282F4FCC005782C3 /* SceneDelegate.swift */; };
		F74A1403282F4FCC005782C3 /* ViewController.swift in Sources */ = {isa = PBXBuildFile; fileRef = F74A1402282F4FCC005782C3 /* ViewController.swift */; };
		F74A1406282F4FCC005782C3 /* Main.storyboard in Resources */ = {isa = PBXBuildFile; fileRef = F74A1404282F4FCC005782C3 /* Main.storyboard */; };
		F74A1408282F4FCD005782C3 /* Assets.xcassets in Resources */ = {isa = PBXBuildFile; fileRef = F74A1407282F4FCD005782C3 /* Assets.xcassets */; };
		F74A140B282F4FCD005782C3 /* LaunchScreen.storyboard in Resources */ = {isa = PBXBuildFile; fileRef = F74A1409282F4FCD005782C3 /* LaunchScreen.storyboard */; };
		F74A141C282F5009005782C3 /* 1.jpg in Resources */ = {isa = PBXBuildFile; fileRef = F74A1412282F5008005782C3 /* 1.jpg */; };
		F74A141D282F5009005782C3 /* 3.jpg in Resources */ = {isa = PBXBuildFile; fileRef = F74A1413282F5008005782C3 /* 3.jpg */; };
		F74A141E282F5009005782C3 /* 5.jpg in Resources */ = {isa = PBXBuildFile; fileRef = F74A1414282F5008005782C3 /* 5.jpg */; };
		F74A141F282F5009005782C3 /* 7.jpg in Resources */ = {isa = PBXBuildFile; fileRef = F74A1415282F5008005782C3 /* 7.jpg */; };
		F74A1420282F5009005782C3 /* 2.jpg in Resources */ = {isa = PBXBuildFile; fileRef = F74A1416282F5008005782C3 /* 2.jpg */; };
		F74A1421282F5009005782C3 /* 10.jpg in Resources */ = {isa = PBXBuildFile; fileRef = F74A1417282F5008005782C3 /* 10.jpg */; };
		F74A1422282F5009005782C3 /* 6.jpg in Resources */ = {isa = PBXBuildFile; fileRef = F74A1418282F5008005782C3 /* 6.jpg */; };
		F74A1423282F5009005782C3 /* 4.jpg in Resources */ = {isa = PBXBuildFile; fileRef = F74A1419282F5008005782C3 /* 4.jpg */; };
		F74A1424282F5009005782C3 /* 8.jpg in Resources */ = {isa = PBXBuildFile; fileRef = F74A141A282F5008005782C3 /* 8.jpg */; };
		F74A1425282F5009005782C3 /* 9.jpg in Resources */ = {isa = PBXBuildFile; fileRef = F74A141B282F5008005782C3 /* 9.jpg */; };
/* End PBXBuildFile section */

/* Begin PBXFileReference section */
		F74A13FB282F4FCC005782C3 /* PickerView.app */ = {isa = PBXFileReference; explicitFileType = wrapper.application; includeInIndex = 0; path = PickerView.app; sourceTree = BUILT_PRODUCTS_DIR; };
		F74A13FE282F4FCC005782C3 /* AppDelegate.swift */ = {isa = PBXFileReference; lastKnownFileType = sourcecode.swift; path = AppDelegate.swift; sourceTree = "<group>"; };
		F74A1400282F4FCC005782C3 /* SceneDelegate.swift */ = {isa = PBXFileReference; lastKnownFileType = sourcecode.swift; path = SceneDelegate.swift; sourceTree = "<group>"; };
		F74A1402282F4FCC005782C3 /* ViewController.swift */ = {isa = PBXFileReference; lastKnownFileType = sourcecode.swift; path = ViewController.swift; sourceTree = "<group>"; };
		F74A1405282F4FCC005782C3 /* Base */ = {isa = PBXFileReference; lastKnownFileType = file.storyboard; name = Base; path = Base.lproj/Main.storyboard; sourceTree = "<group>"; };
		F74A1407282F4FCD005782C3 /* Assets.xcassets */ = {isa = PBXFileReference; lastKnownFileType = folder.assetcatalog; path = Assets.xcassets; sourceTree = "<group>"; };
		F74A140A282F4FCD005782C3 /* Base */ = {isa = PBXFileReference; lastKnownFileType = file.storyboard; name = Base; path = Base.lproj/LaunchScreen.storyboard; sourceTree = "<group>"; };
		F74A140C282F4FCD005782C3 /* Info.plist */ = {isa = PBXFileReference; lastKnownFileType = text.plist.xml; path = Info.plist; sourceTree = "<group>"; };
		F74A1412282F5008005782C3 /* 1.jpg */ = {isa = PBXFileReference; lastKnownFileType = image.jpeg; path = 1.jpg; sourceTree = "<group>"; };
		F74A1413282F5008005782C3 /* 3.jpg */ = {isa = PBXFileReference; lastKnownFileType = image.jpeg; path = 3.jpg; sourceTree = "<group>"; };
		F74A1414282F5008005782C3 /* 5.jpg */ = {isa = PBXFileReference; lastKnownFileType = image.jpeg; path = 5.jpg; sourceTree = "<group>"; };
		F74A1415282F5008005782C3 /* 7.jpg */ = {isa = PBXFileReference; lastKnownFileType = image.jpeg; path = 7.jpg; sourceTree = "<group>"; };
		F74A1416282F5008005782C3 /* 2.jpg */ = {isa = PBXFileReference; lastKnownFileType = image.jpeg; path = 2.jpg; sourceTree = "<group>"; };
		F74A1417282F5008005782C3 /* 10.jpg */ = {isa = PBXFileReference; lastKnownFileType = image.jpeg; path = 10.jpg; sourceTree = "<group>"; };
		F74A1418282F5008005782C3 /* 6.jpg */ = {isa = PBXFileReference; lastKnownFileType = image.jpeg; path = 6.jpg; sourceTree = "<group>"; };
		F74A1419282F5008005782C3 /* 4.jpg */ = {isa = PBXFileReference; lastKnownFileType = image.jpeg; path = 4.jpg; sourceTree = "<group>"; };
		F74A141A282F5008005782C3 /* 8.jpg */ = {isa = PBXFileReference; lastKnownFileType = image.jpeg; path = 8.jpg; sourceTree = "<group>"; };
		F74A141B282F5008005782C3 /* 9.jpg */ = {isa = PBXFileReference; lastKnownFileType = image.jpeg; path = 9.jpg; sourceTree = "<group>"; };
/* End PBXFileReference section */

/* Begin PBXFrameworksBuildPhase section */
		F74A13F8282F4FCC005782C3 /* Frameworks */ = {
			isa = PBXFrameworksBuildPhase;
			buildActionMask = 2147483647;
			files = (
			);
			runOnlyForDeploymentPostprocessing = 0;
		};
/* End PBXFrameworksBuildPhase section */

/* Begin PBXGroup section */
		F74A13F2282F4FCC005782C3 = {
			isa = PBXGroup;
			children = (
				F74A13FD282F4FCC005782C3 /* PickerView */,
				F74A13FC282F4FCC005782C3 /* Products */,
			);
			sourceTree = "<group>";
		};
		F74A13FC282F4FCC005782C3 /* Products */ = {
			isa = PBXGroup;
			children = (
				F74A13FB282F4FCC005782C3 /* PickerView.app */,
			);
			name = Products;
			sourceTree = "<group>";
		};
		F74A13FD282F4FCC005782C3 /* PickerView */ = {
			isa = PBXGroup;
			children = (
				F74A1426282F501F005782C3 /* images */,
				F74A13FE282F4FCC005782C3 /* AppDelegate.swift */,
				F74A1400282F4FCC005782C3 /* SceneDelegate.swift */,
				F74A1402282F4FCC005782C3 /* ViewController.swift */,
				F74A1404282F4FCC005782C3 /* Main.storyboard */,
				F74A1407282F4FCD005782C3 /* Assets.xcassets */,
				F74A1409282F4FCD005782C3 /* LaunchScreen.storyboard */,
				F74A140C282F4FCD005782C3 /* Info.plist */,
			);
			path = PickerView;
			sourceTree = "<group>";
		};
		F74A1426282F501F005782C3 /* images */ = {
			isa = PBXGroup;
			children = (
				F74A1412282F5008005782C3 /* 1.jpg */,
				F74A1416282F5008005782C3 /* 2.jpg */,
				F74A1413282F5008005782C3 /* 3.jpg */,
				F74A1419282F5008005782C3 /* 4.jpg */,
				F74A1414282F5008005782C3 /* 5.jpg */,
				F74A1418282F5008005782C3 /* 6.jpg */,
				F74A1415282F5008005782C3 /* 7.jpg */,
				F74A141A282F5008005782C3 /* 8.jpg */,
				F74A141B282F5008005782C3 /* 9.jpg */,
				F74A1417282F5008005782C3 /* 10.jpg */,
			);
			path = images;
			sourceTree = "<group>";
		};
/* End PBXGroup section */

/* Begin PBXNativeTarget section */
		F74A13FA282F4FCC005782C3 /* PickerView */ = {
			isa = PBXNativeTarget;
			buildConfigurationList = F74A140F282F4FCD005782C3 /* Build configuration list for PBXNativeTarget "PickerView" */;
			buildPhases = (
				F74A13F7282F4FCC005782C3 /* Sources */,
				F74A13F8282F4FCC005782C3 /* Frameworks */,
				F74A13F9282F4FCC005782C3 /* Resources */,
			);
			buildRules = (
			);
			dependencies = (
			);
			name = PickerView;
			productName = PickerView;
			productReference = F74A13FB282F4FCC005782C3 /* PickerView.app */;
			productType = "com.apple.product-type.application";
		};
/* End PBXNativeTarget section */

/* Begin PBXProject section */
		F74A13F3282F4FCC005782C3 /* Project object */ = {
			isa = PBXProject;
			attributes = {
				BuildIndependentTargetsInParallel = 1;
				LastSwiftUpdateCheck = 1330;
				LastUpgradeCheck = 1330;
				TargetAttributes = {
					F74A13FA282F4FCC005782C3 = {
						CreatedOnToolsVersion = 13.3.1;
					};
				};
			};
			buildConfigurationList = F74A13F6282F4FCC005782C3 /* Build configuration list for PBXProject "PickerView" */;
			compatibilityVersion = "Xcode 13.0";
			developmentRegion = en;
			hasScannedForEncodings = 0;
			knownRegions = (
				en,
				Base,
			);
			mainGroup = F74A13F2282F4FCC005782C3;
			productRefGroup = F74A13FC282F4FCC005782C3 /* Products */;
			projectDirPath = "";
			projectRoot = "";
			targets = (
				F74A13FA282F4FCC005782C3 /* PickerView */,
			);
		};
/* End PBXProject section */

/* Begin PBXResourcesBuildPhase section */
		F74A13F9282F4FCC005782C3 /* Resources */ = {
			isa = PBXResourcesBuildPhase;
			buildActionMask = 2147483647;
			files = (
				F74A1425282F5009005782C3 /* 9.jpg in Resources */,
				F74A1424282F5009005782C3 /* 8.jpg in Resources */,
				F74A1423282F5009005782C3 /* 4.jpg in Resources */,
				F74A141D282F5009005782C3 /* 3.jpg in Resources */,
				F74A140B282F4FCD005782C3 /* LaunchScreen.storyboard in Resources */,
				F74A141C282F5009005782C3 /* 1.jpg in Resources */,
				F74A141F282F5009005782C3 /* 7.jpg in Resources */,
				F74A1422282F5009005782C3 /* 6.jpg in Resources */,
				F74A1421282F5009005782C3 /* 10.jpg in Resources */,
				F74A141E282F5009005782C3 /* 5.jpg in Resources */,
				F74A1408282F4FCD005782C3 /* Assets.xcassets in Resources */,
				F74A1420282F5009005782C3 /* 2.jpg in Resources */,
				F74A1406282F4FCC005782C3 /* Main.storyboard in Resources */,
			);
			runOnlyForDeploymentPostprocessing = 0;
		};
/* End PBXResourcesBuildPhase section */

/* Begin PBXSourcesBuildPhase section */
		F74A13F7282F4FCC005782C3 /* Sources */ = {
			isa = PBXSourcesBuildPhase;
			buildActionMask = 2147483647;
			files = (
				F74A1403282F4FCC005782C3 /* ViewController.swift in Sources */,
				F74A13FF282F4FCC005782C3 /* AppDelegate.swift in Sources */,
				F74A1401282F4FCC005782C3 /* SceneDelegate.swift in Sources */,
			);
			runOnlyForDeploymentPostprocessing = 0;
		};
/* End PBXSourcesBuildPhase section */

/* Begin PBXVariantGroup section */
		F74A1404282F4FCC005782C3 /* Main.storyboard */ = {
			isa = PBXVariantGroup;
			children = (
				F74A1405282F4FCC005782C3 /* Base */,
			);
			name = Main.storyboard;
			sourceTree = "<group>";
		};
		F74A1409282F4FCD005782C3 /* LaunchScreen.storyboard */ = {
			isa = PBXVariantGroup;
			children = (
				F74A140A282F4FCD005782C3 /* Base */,
			);
			name = LaunchScreen.storyboard;
			sourceTree = "<group>";
		};
/* End PBXVariantGroup section */

/* Begin XCBuildConfiguration section */
		F74A140D282F4FCD005782C3 /* Debug */ = {
			isa = XCBuildConfiguration;
			buildSettings = {
				ALWAYS_SEARCH_USER_PATHS = NO;
				CLANG_ANALYZER_NONNULL = YES;
				CLANG_ANALYZER_NUMBER_OBJECT_CONVERSION = YES_AGGRESSIVE;
				CLANG_CXX_LANGUAGE_STANDARD = "gnu++17";
				CLANG_ENABLE_MODULES = YES;
				CLANG_ENABLE_OBJC_ARC = YES;
				CLANG_ENABLE_OBJC_WEAK = YES;
				CLANG_WARN_BLOCK_CAPTURE_AUTORELEASING = YES;
				CLANG_WARN_BOOL_CONVERSION = YES;
				CLANG_WARN_COMMA = YES;
				CLANG_WARN_CONSTANT_CONVERSION = YES;
				CLANG_WARN_DEPRECATED_OBJC_IMPLEMENTATIONS = YES;
				CLANG_WARN_DIRECT_OBJC_ISA_USAGE = YES_ERROR;
				CLANG_WARN_DOCUMENTATION_COMMENTS = YES;
				CLANG_WARN_EMPTY_BODY = YES;
				CLANG_WARN_ENUM_CONVERSION = YES;
				CLANG_WARN_INFINITE_RECURSION = YES;
				CLANG_WARN_INT_CONVERSION = YES;
				CLANG_WARN_NON_LITERAL_NULL_CONVERSION = YES;
				CLANG_WARN_OBJC_IMPLICIT_RETAIN_SELF = YES;
				CLANG_WARN_OBJC_LITERAL_CONVERSION = YES;
				CLANG_WARN_OBJC_ROOT_CLASS = YES_ERROR;
				CLANG_WARN_QUOTED_INCLUDE_IN_FRAMEWORK_HEADER = YES;
				CLANG_WARN_RANGE_LOOP_ANALYSIS = YES;
				CLANG_WARN_STRICT_PROTOTYPES = YES;
				CLANG_WARN_SUSPICIOUS_MOVE = YES;
				CLANG_WARN_UNGUARDED_AVAILABILITY = YES_AGGRESSIVE;
				CLANG_WARN_UNREACHABLE_CODE = YES;
				CLANG_WARN__DUPLICATE_METHOD_MATCH = YES;
				COPY_PHASE_STRIP = NO;
				DEBUG_INFORMATION_FORMAT = dwarf;
				ENABLE_STRICT_OBJC_MSGSEND = YES;
				ENABLE_TESTABILITY = YES;
				GCC_C_LANGUAGE_STANDARD = gnu11;
				GCC_DYNAMIC_NO_PIC = NO;
				GCC_NO_COMMON_BLOCKS = YES;
				GCC_OPTIMIZATION_LEVEL = 0;
				GCC_PREPROCESSOR_DEFINITIONS = (
					"DEBUG=1",
					"$(inherited)",
				);
				GCC_WARN_64_TO_32_BIT_CONVERSION = YES;
				GCC_WARN_ABOUT_RETURN_TYPE = YES_ERROR;
				GCC_WARN_UNDECLARED_SELECTOR = YES;
				GCC_WARN_UNINITIALIZED_AUTOS = YES_AGGRESSIVE;
				GCC_WARN_UNUSED_FUNCTION = YES;
				GCC_WARN_UNUSED_VARIABLE = YES;
				IPHONEOS_DEPLOYMENT_TARGET = 15.4;
				MTL_ENABLE_DEBUG_INFO = INCLUDE_SOURCE;
				MTL_FAST_MATH = YES;
				ONLY_ACTIVE_ARCH = YES;
				SDKROOT = iphoneos;
				SWIFT_ACTIVE_COMPILATION_CONDITIONS = DEBUG;
				SWIFT_OPTIMIZATION_LEVEL = "-Onone";
			};
			name = Debug;
		};
		F74A140E282F4FCD005782C3 /* Release */ = {
			isa = XCBuildConfiguration;
			buildSettings = {
				ALWAYS_SEARCH_USER_PATHS = NO;
				CLANG_ANALYZER_NONNULL = YES;
				CLANG_ANALYZER_NUMBER_OBJECT_CONVERSION = YES_AGGRESSIVE;
				CLANG_CXX_LANGUAGE_STANDARD = "gnu++17";
				CLANG_ENABLE_MODULES = YES;
				CLANG_ENABLE_OBJC_ARC = YES;
				CLANG_ENABLE_OBJC_WEAK = YES;
				CLANG_WARN_BLOCK_CAPTURE_AUTORELEASING = YES;
				CLANG_WARN_BOOL_CONVERSION = YES;
				CLANG_WARN_COMMA = YES;
				CLANG_WARN_CONSTANT_CONVERSION = YES;
				CLANG_WARN_DEPRECATED_OBJC_IMPLEMENTATIONS = YES;
				CLANG_WARN_DIRECT_OBJC_ISA_USAGE = YES_ERROR;
				CLANG_WARN_DOCUMENTATION_COMMENTS = YES;
				CLANG_WARN_EMPTY_BODY = YES;
				CLANG_WARN_ENUM_CONVERSION = YES;
				CLANG_WARN_INFINITE_RECURSION = YES;
				CLANG_WARN_INT_CONVERSION = YES;
				CLANG_WARN_NON_LITERAL_NULL_CONVERSION = YES;
				CLANG_WARN_OBJC_IMPLICIT_RETAIN_SELF = YES;
				CLANG_WARN_OBJC_LITERAL_CONVERSION = YES;
				CLANG_WARN_OBJC_ROOT_CLASS = YES_ERROR;
				CLANG_WARN_QUOTED_INCLUDE_IN_FRAMEWORK_HEADER = YES;
				CLANG_WARN_RANGE_LOOP_ANALYSIS = YES;
				CLANG_WARN_STRICT_PROTOTYPES = YES;
				CLANG_WARN_SUSPICIOUS_MOVE = YES;
				CLANG_WARN_UNGUARDED_AVAILABILITY = YES_AGGRESSIVE;
				CLANG_WARN_UNREACHABLE_CODE = YES;
				CLANG_WARN__DUPLICATE_METHOD_MATCH = YES;
				COPY_PHASE_STRIP = NO;
				DEBUG_INFORMATION_FORMAT = "dwarf-with-dsym";
				ENABLE_NS_ASSERTIONS = NO;
				ENABLE_STRICT_OBJC_MSGSEND = YES;
				GCC_C_LANGUAGE_STANDARD = gnu11;
				GCC_NO_COMMON_BLOCKS = YES;
				GCC_WARN_64_TO_32_BIT_CONVERSION = YES;
				GCC_WARN_ABOUT_RETURN_TYPE = YES_ERROR;
				GCC_WARN_UNDECLARED_SELECTOR = YES;
				GCC_WARN_UNINITIALIZED_AUTOS = YES_AGGRESSIVE;
				GCC_WARN_UNUSED_FUNCTION = YES;
				GCC_WARN_UNUSED_VARIABLE = YES;
				IPHONEOS_DEPLOYMENT_TARGET = 15.4;
				MTL_ENABLE_DEBUG_INFO = NO;
				MTL_FAST_MATH = YES;
				SDKROOT = iphoneos;
				SWIFT_COMPILATION_MODE = wholemodule;
				SWIFT_OPTIMIZATION_LEVEL = "-O";
				VALIDATE_PRODUCT = YES;
			};
			name = Release;
		};
		F74A1410282F4FCD005782C3 /* Debug */ = {
			isa = XCBuildConfiguration;
			buildSettings = {
				ASSETCATALOG_COMPILER_APPICON_NAME = AppIcon;
				ASSETCATALOG_COMPILER_GLOBAL_ACCENT_COLOR_NAME = AccentColor;
				CODE_SIGN_STYLE = Automatic;
				CURRENT_PROJECT_VERSION = 1;
				DEVELOPMENT_TEAM = U23257F6U8;
				GENERATE_INFOPLIST_FILE = YES;
				INFOPLIST_FILE = PickerView/Info.plist;
				INFOPLIST_KEY_UIApplicationSupportsIndirectInputEvents = YES;
				INFOPLIST_KEY_UILaunchStoryboardName = LaunchScreen;
				INFOPLIST_KEY_UIMainStoryboardFile = Main;
				INFOPLIST_KEY_UISupportedInterfaceOrientations_iPad = "UIInterfaceOrientationPortrait UIInterfaceOrientationPortraitUpsideDown UIInterfaceOrientationLandscapeLeft UIInterfaceOrientationLandscapeRight";
				INFOPLIST_KEY_UISupportedInterfaceOrientations_iPhone = "UIInterfaceOrientationPortrait UIInterfaceOrientationLandscapeLeft UIInterfaceOrientationLandscapeRight";
				LD_RUNPATH_SEARCH_PATHS = (
					"$(inherited)",
					"@executable_path/Frameworks",
				);
				MARKETING_VERSION = 1.0;
				PRODUCT_BUNDLE_IDENTIFIER = test.PickerView;
				PRODUCT_NAME = "$(TARGET_NAME)";
				SWIFT_EMIT_LOC_STRINGS = YES;
				SWIFT_VERSION = 5.0;
				TARGETED_DEVICE_FAMILY = "1,2";
			};
			name = Debug;
		};
		F74A1411282F4FCD005782C3 /* Release */ = {
			isa = XCBuildConfiguration;
			buildSettings = {
				ASSETCATALOG_COMPILER_APPICON_NAME = AppIcon;
				ASSETCATALOG_COMPILER_GLOBAL_ACCENT_COLOR_NAME = AccentColor;
				CODE_SIGN_STYLE = Automatic;
				CURRENT_PROJECT_VERSION = 1;
				DEVELOPMENT_TEAM = U23257F6U8;
				GENERATE_INFOPLIST_FILE = YES;
				INFOPLIST_FILE = PickerView/Info.plist;
				INFOPLIST_KEY_UIApplicationSupportsIndirectInputEvents = YES;
				INFOPLIST_KEY_UILaunchStoryboardName = LaunchScreen;
				INFOPLIST_KEY_UIMainStoryboardFile = Main;
				INFOPLIST_KEY_UISupportedInterfaceOrientations_iPad = "UIInterfaceOrientationPortrait UIInterfaceOrientationPortraitUpsideDown UIInterfaceOrientationLandscapeLeft UIInterfaceOrientationLandscapeRight";
				INFOPLIST_KEY_UISupportedInterfaceOrientations_iPhone = "UIInterfaceOrientationPortrait UIInterfaceOrientationLandscapeLeft UIInterfaceOrientationLandscapeRight";
				LD_RUNPATH_SEARCH_PATHS = (
					"$(inherited)",
					"@executable_path/Frameworks",
				);
				MARKETING_VERSION = 1.0;
				PRODUCT_BUNDLE_IDENTIFIER = test.PickerView;
				PRODUCT_NAME = "$(TARGET_NAME)";
				SWIFT_EMIT_LOC_STRINGS = YES;
				SWIFT_VERSION = 5.0;
				TARGETED_DEVICE_FAMILY = "1,2";
			};
			name = Release;
		};
/* End XCBuildConfiguration section */

/* Begin XCConfigurationList section */
		F74A13F6282F4FCC005782C3 /* Build configuration list for PBXProject "PickerView" */ = {
			isa = XCConfigurationList;
			buildConfigurations = (
				F74A140D282F4FCD005782C3 /* Debug */,
				F74A140E282F4FCD005782C3 /* Release */,
			);
			defaultConfigurationIsVisible = 0;
			defaultConfigurationName = Release;
		};
		F74A140F282F4FCD005782C3 /* Build configuration list for PBXNativeTarget "PickerView" */ = {
			isa = XCConfigurationList;
			buildConfigurations = (
				F74A1410282F4FCD005782C3 /* Debug */,
				F74A1411282F4FCD005782C3 /* Release */,
			);
			defaultConfigurationIsVisible = 0;
			defaultConfigurationName = Release;
		};
/* End XCConfigurationList section */
	};
	rootObject = F74A13F3282F4FCC005782C3 /* Project object */;
}
