// !$*UTF8*$!
{
	archiveVersion = 1;
	classes = {
	};
	objectVersion = 55;
	objects = {

/* Begin PBXBuildFile section */
		F7453B14282D424900C44449 /* AppDelegate.swift in Sources */ = {isa = PBXBuildFile; fileRef = F7453B13282D424900C44449 /* AppDelegate.swift */; };
		F7453B16282D424900C44449 /* SceneDelegate.swift in Sources */ = {isa = PBXBuildFile; fileRef = F7453B15282D424900C44449 /* SceneDelegate.swift */; };
		F7453B18282D424900C44449 /* ViewController.swift in Sources */ = {isa = PBXBuildFile; fileRef = F7453B17282D424900C44449 /* ViewController.swift */; };
		F7453B1B282D424900C44449 /* Main.storyboard in Resources */ = {isa = PBXBuildFile; fileRef = F7453B19282D424900C44449 /* Main.storyboard */; };
		F7453B1D282D424A00C44449 /* Assets.xcassets in Resources */ = {isa = PBXBuildFile; fileRef = F7453B1C282D424A00C44449 /* Assets.xcassets */; };
		F7453B20282D424A00C44449 /* LaunchScreen.storyboard in Resources */ = {isa = PBXBuildFile; fileRef = F7453B1E282D424A00C44449 /* LaunchScreen.storyboard */; };
		F7453B2D282D425C00C44449 /* 4.png in Resources */ = {isa = PBXBuildFile; fileRef = F7453B27282D425C00C44449 /* 4.png */; };
		F7453B2E282D425C00C44449 /* 3.png in Resources */ = {isa = PBXBuildFile; fileRef = F7453B28282D425C00C44449 /* 3.png */; };
		F7453B2F282D425C00C44449 /* 6.png in Resources */ = {isa = PBXBuildFile; fileRef = F7453B29282D425C00C44449 /* 6.png */; };
		F7453B30282D425C00C44449 /* 1.png in Resources */ = {isa = PBXBuildFile; fileRef = F7453B2A282D425C00C44449 /* 1.png */; };
		F7453B31282D425C00C44449 /* 2.png in Resources */ = {isa = PBXBuildFile; fileRef = F7453B2B282D425C00C44449 /* 2.png */; };
		F7453B32282D425C00C44449 /* 5.png in Resources */ = {isa = PBXBuildFile; fileRef = F7453B2C282D425C00C44449 /* 5.png */; };
/* End PBXBuildFile section */

/* Begin PBXFileReference section */
		F7453B10282D424900C44449 /* ImageViewMission.app */ = {isa = PBXFileReference; explicitFileType = wrapper.application; includeInIndex = 0; path = ImageViewMission.app; sourceTree = BUILT_PRODUCTS_DIR; };
		F7453B13282D424900C44449 /* AppDelegate.swift */ = {isa = PBXFileReference; lastKnownFileType = sourcecode.swift; path = AppDelegate.swift; sourceTree = "<group>"; };
		F7453B15282D424900C44449 /* SceneDelegate.swift */ = {isa = PBXFileReference; lastKnownFileType = sourcecode.swift; path = SceneDelegate.swift; sourceTree = "<group>"; };
		F7453B17282D424900C44449 /* ViewController.swift */ = {isa = PBXFileReference; lastKnownFileType = sourcecode.swift; path = ViewController.swift; sourceTree = "<group>"; };
		F7453B1A282D424900C44449 /* Base */ = {isa = PBXFileReference; lastKnownFileType = file.storyboard; name = Base; path = Base.lproj/Main.storyboard; sourceTree = "<group>"; };
		F7453B1C282D424A00C44449 /* Assets.xcassets */ = {isa = PBXFileReference; lastKnownFileType = folder.assetcatalog; path = Assets.xcassets; sourceTree = "<group>"; };
		F7453B1F282D424A00C44449 /* Base */ = {isa = PBXFileReference; lastKnownFileType = file.storyboard; name = Base; path = Base.lproj/LaunchScreen.storyboard; sourceTree = "<group>"; };
		F7453B21282D424A00C44449 /* Info.plist */ = {isa = PBXFileReference; lastKnownFileType = text.plist.xml; path = Info.plist; sourceTree = "<group>"; };
		F7453B27282D425C00C44449 /* 4.png */ = {isa = PBXFileReference; lastKnownFileType = image.png; path = 4.png; sourceTree = "<group>"; };
		F7453B28282D425C00C44449 /* 3.png */ = {isa = PBXFileReference; lastKnownFileType = image.png; path = 3.png; sourceTree = "<group>"; };
		F7453B29282D425C00C44449 /* 6.png */ = {isa = PBXFileReference; lastKnownFileType = image.png; path = 6.png; sourceTree = "<group>"; };
		F7453B2A282D425C00C44449 /* 1.png */ = {isa = PBXFileReference; lastKnownFileType = image.png; path = 1.png; sourceTree = "<group>"; };
		F7453B2B282D425C00C44449 /* 2.png */ = {isa = PBXFileReference; lastKnownFileType = image.png; path = 2.png; sourceTree = "<group>"; };
		F7453B2C282D425C00C44449 /* 5.png */ = {isa = PBXFileReference; lastKnownFileType = image.png; path = 5.png; sourceTree = "<group>"; };
/* End PBXFileReference section */

/* Begin PBXFrameworksBuildPhase section */
		F7453B0D282D424900C44449 /* Frameworks */ = {
			isa = PBXFrameworksBuildPhase;
			buildActionMask = 2147483647;
			files = (
			);
			runOnlyForDeploymentPostprocessing = 0;
		};
/* End PBXFrameworksBuildPhase section */

/* Begin PBXGroup section */
		F7453B07282D424900C44449 = {
			isa = PBXGroup;
			children = (
				F7453B12282D424900C44449 /* ImageViewMission */,
				F7453B11282D424900C44449 /* Products */,
			);
			sourceTree = "<group>";
		};
		F7453B11282D424900C44449 /* Products */ = {
			isa = PBXGroup;
			children = (
				F7453B10282D424900C44449 /* ImageViewMission.app */,
			);
			name = Products;
			sourceTree = "<group>";
		};
		F7453B12282D424900C44449 /* ImageViewMission */ = {
			isa = PBXGroup;
			children = (
				F7453B13282D424900C44449 /* AppDelegate.swift */,
				F7453B15282D424900C44449 /* SceneDelegate.swift */,
				F7453B17282D424900C44449 /* ViewController.swift */,
				F7453B19282D424900C44449 /* Main.storyboard */,
				F7453B2A282D425C00C44449 /* 1.png */,
				F7453B2B282D425C00C44449 /* 2.png */,
				F7453B28282D425C00C44449 /* 3.png */,
				F7453B27282D425C00C44449 /* 4.png */,
				F7453B2C282D425C00C44449 /* 5.png */,
				F7453B29282D425C00C44449 /* 6.png */,
				F7453B1C282D424A00C44449 /* Assets.xcassets */,
				F7453B1E282D424A00C44449 /* LaunchScreen.storyboard */,
				F7453B21282D424A00C44449 /* Info.plist */,
			);
			path = ImageViewMission;
			sourceTree = "<group>";
		};
/* End PBXGroup section */

/* Begin PBXNativeTarget section */
		F7453B0F282D424900C44449 /* ImageViewMission */ = {
			isa = PBXNativeTarget;
			buildConfigurationList = F7453B24282D424A00C44449 /* Build configuration list for PBXNativeTarget "ImageViewMission" */;
			buildPhases = (
				F7453B0C282D424900C44449 /* Sources */,
				F7453B0D282D424900C44449 /* Frameworks */,
				F7453B0E282D424900C44449 /* Resources */,
			);
			buildRules = (
			);
			dependencies = (
			);
			name = ImageViewMission;
			productName = ImageViewMission;
			productReference = F7453B10282D424900C44449 /* ImageViewMission.app */;
			productType = "com.apple.product-type.application";
		};
/* End PBXNativeTarget section */

/* Begin PBXProject section */
		F7453B08282D424900C44449 /* Project object */ = {
			isa = PBXProject;
			attributes = {
				BuildIndependentTargetsInParallel = 1;
				LastSwiftUpdateCheck = 1330;
				LastUpgradeCheck = 1330;
				TargetAttributes = {
					F7453B0F282D424900C44449 = {
						CreatedOnToolsVersion = 13.3.1;
					};
				};
			};
			buildConfigurationList = F7453B0B282D424900C44449 /* Build configuration list for PBXProject "ImageViewMission" */;
			compatibilityVersion = "Xcode 13.0";
			developmentRegion = en;
			hasScannedForEncodings = 0;
			knownRegions = (
				en,
				Base,
			);
			mainGroup = F7453B07282D424900C44449;
			productRefGroup = F7453B11282D424900C44449 /* Products */;
			projectDirPath = "";
			projectRoot = "";
			targets = (
				F7453B0F282D424900C44449 /* ImageViewMission */,
			);
		};
/* End PBXProject section */

/* Begin PBXResourcesBuildPhase section */
		F7453B0E282D424900C44449 /* Resources */ = {
			isa = PBXResourcesBuildPhase;
			buildActionMask = 2147483647;
			files = (
				F7453B2F282D425C00C44449 /* 6.png in Resources */,
				F7453B2E282D425C00C44449 /* 3.png in Resources */,
				F7453B31282D425C00C44449 /* 2.png in Resources */,
				F7453B2D282D425C00C44449 /* 4.png in Resources */,
				F7453B20282D424A00C44449 /* LaunchScreen.storyboard in Resources */,
				F7453B1D282D424A00C44449 /* Assets.xcassets in Resources */,
				F7453B32282D425C00C44449 /* 5.png in Resources */,
				F7453B1B282D424900C44449 /* Main.storyboard in Resources */,
				F7453B30282D425C00C44449 /* 1.png in Resources */,
			);
			runOnlyForDeploymentPostprocessing = 0;
		};
/* End PBXResourcesBuildPhase section */

/* Begin PBXSourcesBuildPhase section */
		F7453B0C282D424900C44449 /* Sources */ = {
			isa = PBXSourcesBuildPhase;
			buildActionMask = 2147483647;
			files = (
				F7453B18282D424900C44449 /* ViewController.swift in Sources */,
				F7453B14282D424900C44449 /* AppDelegate.swift in Sources */,
				F7453B16282D424900C44449 /* SceneDelegate.swift in Sources */,
			);
			runOnlyForDeploymentPostprocessing = 0;
		};
/* End PBXSourcesBuildPhase section */

/* Begin PBXVariantGroup section */
		F7453B19282D424900C44449 /* Main.storyboard */ = {
			isa = PBXVariantGroup;
			children = (
				F7453B1A282D424900C44449 /* Base */,
			);
			name = Main.storyboard;
			sourceTree = "<group>";
		};
		F7453B1E282D424A00C44449 /* LaunchScreen.storyboard */ = {
			isa = PBXVariantGroup;
			children = (
				F7453B1F282D424A00C44449 /* Base */,
			);
			name = LaunchScreen.storyboard;
			sourceTree = "<group>";
		};
/* End PBXVariantGroup section */

/* Begin XCBuildConfiguration section */
		F7453B22282D424A00C44449 /* Debug */ = {
			isa = XCBuildConfiguration;
			buildSettings = {
				ALWAYS_SEARCH_USER_PATHS = NO;
				CLANG_ANALYZER_NONNULL = YES;
				CLANG_ANALYZER_NUMBER_OBJECT_CONVERSION = YES_AGGRESSIVE;
				CLANG_CXX_LANGUAGE_STANDARD = "gnu++17";
				CLANG_ENABLE_MODULES = YES;
				CLANG_ENABLE_OBJC_ARC = YES;
				CLANG_ENABLE_OBJC_WEAK = YES;
				CLANG_WARN_BLOCK_CAPTURE_AUTORELEASING = YES;
				CLANG_WARN_BOOL_CONVERSION = YES;
				CLANG_WARN_COMMA = YES;
				CLANG_WARN_CONSTANT_CONVERSION = YES;
				CLANG_WARN_DEPRECATED_OBJC_IMPLEMENTATIONS = YES;
				CLANG_WARN_DIRECT_OBJC_ISA_USAGE = YES_ERROR;
				CLANG_WARN_DOCUMENTATION_COMMENTS = YES;
				CLANG_WARN_EMPTY_BODY = YES;
				CLANG_WARN_ENUM_CONVERSION = YES;
				CLANG_WARN_INFINITE_RECURSION = YES;
				CLANG_WARN_INT_CONVERSION = YES;
				CLANG_WARN_NON_LITERAL_NULL_CONVERSION = YES;
				CLANG_WARN_OBJC_IMPLICIT_RETAIN_SELF = YES;
				CLANG_WARN_OBJC_LITERAL_CONVERSION = YES;
				CLANG_WARN_OBJC_ROOT_CLASS = YES_ERROR;
				CLANG_WARN_QUOTED_INCLUDE_IN_FRAMEWORK_HEADER = YES;
				CLANG_WARN_RANGE_LOOP_ANALYSIS = YES;
				CLANG_WARN_STRICT_PROTOTYPES = YES;
				CLANG_WARN_SUSPICIOUS_MOVE = YES;
				CLANG_WARN_UNGUARDED_AVAILABILITY = YES_AGGRESSIVE;
				CLANG_WARN_UNREACHABLE_CODE = YES;
				CLANG_WARN__DUPLICATE_METHOD_MATCH = YES;
				COPY_PHASE_STRIP = NO;
				DEBUG_INFORMATION_FORMAT = dwarf;
				ENABLE_STRICT_OBJC_MSGSEND = YES;
				ENABLE_TESTABILITY = YES;
				GCC_C_LANGUAGE_STANDARD = gnu11;
				GCC_DYNAMIC_NO_PIC = NO;
				GCC_NO_COMMON_BLOCKS = YES;
				GCC_OPTIMIZATION_LEVEL = 0;
				GCC_PREPROCESSOR_DEFINITIONS = (
					"DEBUG=1",
					"$(inherited)",
				);
				GCC_WARN_64_TO_32_BIT_CONVERSION = YES;
				GCC_WARN_ABOUT_RETURN_TYPE = YES_ERROR;
				GCC_WARN_UNDECLARED_SELECTOR = YES;
				GCC_WARN_UNINITIALIZED_AUTOS = YES_AGGRESSIVE;
				GCC_WARN_UNUSED_FUNCTION = YES;
				GCC_WARN_UNUSED_VARIABLE = YES;
				IPHONEOS_DEPLOYMENT_TARGET = 15.4;
				MTL_ENABLE_DEBUG_INFO = INCLUDE_SOURCE;
				MTL_FAST_MATH = YES;
				ONLY_ACTIVE_ARCH = YES;
				SDKROOT = iphoneos;
				SWIFT_ACTIVE_COMPILATION_CONDITIONS = DEBUG;
				SWIFT_OPTIMIZATION_LEVEL = "-Onone";
			};
			name = Debug;
		};
		F7453B23282D424A00C44449 /* Release */ = {
			isa = XCBuildConfiguration;
			buildSettings = {
				ALWAYS_SEARCH_USER_PATHS = NO;
				CLANG_ANALYZER_NONNULL = YES;
				CLANG_ANALYZER_NUMBER_OBJECT_CONVERSION = YES_AGGRESSIVE;
				CLANG_CXX_LANGUAGE_STANDARD = "gnu++17";
				CLANG_ENABLE_MODULES = YES;
				CLANG_ENABLE_OBJC_ARC = YES;
				CLANG_ENABLE_OBJC_WEAK = YES;
				CLANG_WARN_BLOCK_CAPTURE_AUTORELEASING = YES;
				CLANG_WARN_BOOL_CONVERSION = YES;
				CLANG_WARN_COMMA = YES;
				CLANG_WARN_CONSTANT_CONVERSION = YES;
				CLANG_WARN_DEPRECATED_OBJC_IMPLEMENTATIONS = YES;
				CLANG_WARN_DIRECT_OBJC_ISA_USAGE = YES_ERROR;
				CLANG_WARN_DOCUMENTATION_COMMENTS = YES;
				CLANG_WARN_EMPTY_BODY = YES;
				CLANG_WARN_ENUM_CONVERSION = YES;
				CLANG_WARN_INFINITE_RECURSION = YES;
				CLANG_WARN_INT_CONVERSION = YES;
				CLANG_WARN_NON_LITERAL_NULL_CONVERSION = YES;
				CLANG_WARN_OBJC_IMPLICIT_RETAIN_SELF = YES;
				CLANG_WARN_OBJC_LITERAL_CONVERSION = YES;
				CLANG_WARN_OBJC_ROOT_CLASS = YES_ERROR;
				CLANG_WARN_QUOTED_INCLUDE_IN_FRAMEWORK_HEADER = YES;
				CLANG_WARN_RANGE_LOOP_ANALYSIS = YES;
				CLANG_WARN_STRICT_PROTOTYPES = YES;
				CLANG_WARN_SUSPICIOUS_MOVE = YES;
				CLANG_WARN_UNGUARDED_AVAILABILITY = YES_AGGRESSIVE;
				CLANG_WARN_UNREACHABLE_CODE = YES;
				CLANG_WARN__DUPLICATE_METHOD_MATCH = YES;
				COPY_PHASE_STRIP = NO;
				DEBUG_INFORMATION_FORMAT = "dwarf-with-dsym";
				ENABLE_NS_ASSERTIONS = NO;
				ENABLE_STRICT_OBJC_MSGSEND = YES;
				GCC_C_LANGUAGE_STANDARD = gnu11;
				GCC_NO_COMMON_BLOCKS = YES;
				GCC_WARN_64_TO_32_BIT_CONVERSION = YES;
				GCC_WARN_ABOUT_RETURN_TYPE = YES_ERROR;
				GCC_WARN_UNDECLARED_SELECTOR = YES;
				GCC_WARN_UNINITIALIZED_AUTOS = YES_AGGRESSIVE;
				GCC_WARN_UNUSED_FUNCTION = YES;
				GCC_WARN_UNUSED_VARIABLE = YES;
				IPHONEOS_DEPLOYMENT_TARGET = 15.4;
				MTL_ENABLE_DEBUG_INFO = NO;
				MTL_FAST_MATH = YES;
				SDKROOT = iphoneos;
				SWIFT_COMPILATION_MODE = wholemodule;
				SWIFT_OPTIMIZATION_LEVEL = "-O";
				VALIDATE_PRODUCT = YES;
			};
			name = Release;
		};
		F7453B25282D424A00C44449 /* Debug */ = {
			isa = XCBuildConfiguration;
			buildSettings = {
				ASSETCATALOG_COMPILER_APPICON_NAME = AppIcon;
				ASSETCATALOG_COMPILER_GLOBAL_ACCENT_COLOR_NAME = AccentColor;
				CODE_SIGN_STYLE = Automatic;
				CURRENT_PROJECT_VERSION = 1;
				DEVELOPMENT_TEAM = U23257F6U8;
				GENERATE_INFOPLIST_FILE = YES;
				INFOPLIST_FILE = ImageViewMission/Info.plist;
				INFOPLIST_KEY_UIApplicationSupportsIndirectInputEvents = YES;
				INFOPLIST_KEY_UILaunchStoryboardName = LaunchScreen;
				INFOPLIST_KEY_UIMainStoryboardFile = Main;
				INFOPLIST_KEY_UISupportedInterfaceOrientations_iPad = "UIInterfaceOrientationPortrait UIInterfaceOrientationPortraitUpsideDown UIInterfaceOrientationLandscapeLeft UIInterfaceOrientationLandscapeRight";
				INFOPLIST_KEY_UISupportedInterfaceOrientations_iPhone = "UIInterfaceOrientationPortrait UIInterfaceOrientationLandscapeLeft UIInterfaceOrientationLandscapeRight";
				LD_RUNPATH_SEARCH_PATHS = (
					"$(inherited)",
					"@executable_path/Frameworks",
				);
				MARKETING_VERSION = 1.0;
				PRODUCT_BUNDLE_IDENTIFIER = test.ImageViewMission;
				PRODUCT_NAME = "$(TARGET_NAME)";
				SWIFT_EMIT_LOC_STRINGS = YES;
				SWIFT_VERSION = 5.0;
				TARGETED_DEVICE_FAMILY = "1,2";
			};
			name = Debug;
		};
		F7453B26282D424A00C44449 /* Release */ = {
			isa = XCBuildConfiguration;
			buildSettings = {
				ASSETCATALOG_COMPILER_APPICON_NAME = AppIcon;
				ASSETCATALOG_COMPILER_GLOBAL_ACCENT_COLOR_NAME = AccentColor;
				CODE_SIGN_STYLE = Automatic;
				CURRENT_PROJECT_VERSION = 1;
				DEVELOPMENT_TEAM = U23257F6U8;
				GENERATE_INFOPLIST_FILE = YES;
				INFOPLIST_FILE = ImageViewMission/Info.plist;
				INFOPLIST_KEY_UIApplicationSupportsIndirectInputEvents = YES;
				INFOPLIST_KEY_UILaunchStoryboardName = LaunchScreen;
				INFOPLIST_KEY_UIMainStoryboardFile = Main;
				INFOPLIST_KEY_UISupportedInterfaceOrientations_iPad = "UIInterfaceOrientationPortrait UIInterfaceOrientationPortraitUpsideDown UIInterfaceOrientationLandscapeLeft UIInterfaceOrientationLandscapeRight";
				INFOPLIST_KEY_UISupportedInterfaceOrientations_iPhone = "UIInterfaceOrientationPortrait UIInterfaceOrientationLandscapeLeft UIInterfaceOrientationLandscapeRight";
				LD_RUNPATH_SEARCH_PATHS = (
					"$(inherited)",
					"@executable_path/Frameworks",
				);
				MARKETING_VERSION = 1.0;
				PRODUCT_BUNDLE_IDENTIFIER = test.ImageViewMission;
				PRODUCT_NAME = "$(TARGET_NAME)";
				SWIFT_EMIT_LOC_STRINGS = YES;
				SWIFT_VERSION = 5.0;
				TARGETED_DEVICE_FAMILY = "1,2";
			};
			name = Release;
		};
/* End XCBuildConfiguration section */

/* Begin XCConfigurationList section */
		F7453B0B282D424900C44449 /* Build configuration list for PBXProject "ImageViewMission" */ = {
			isa = XCConfigurationList;
			buildConfigurations = (
				F7453B22282D424A00C44449 /* Debug */,
				F7453B23282D424A00C44449 /* Release */,
			);
			defaultConfigurationIsVisible = 0;
			defaultConfigurationName = Release;
		};
		F7453B24282D424A00C44449 /* Build configuration list for PBXNativeTarget "ImageViewMission" */ = {
			isa = XCConfigurationList;
			buildConfigurations = (
				F7453B25282D424A00C44449 /* Debug */,
				F7453B26282D424A00C44449 /* Release */,
			);
			defaultConfigurationIsVisible = 0;
			defaultConfigurationName = Release;
		};
/* End XCConfigurationList section */
	};
	rootObject = F7453B08282D424900C44449 /* Project object */;
}
